
Microsoft Visual Studio Solution File, Format Version 12.00
# Visual Studio Version 16
VisualStudioVersion = 16.0.29123.89
MinimumVisualStudioVersion = 15.0.26124.0
Project("{2150E333-8FDC-42A3-9474-1A3956D46DE8}") = "src", "src", "{2384891B-7AE9-408A-9DB0-AB41ED0F41C2}"
EndProject
Project("{9A19103F-16F7-4668-BE54-9A1E7A4F7556}") = "GregsStack.PushCrew.Net.Api", "src\GregsStack.PushCrew.Net.Api\GregsStack.PushCrew.Net.Api.csproj", "{CABE94FF-0D04-4C74-B62B-02785FBADEFD}"
EndProject
Project("{2150E333-8FDC-42A3-9474-1A3956D46DE8}") = "tests", "tests", "{BB3C3681-2D2A-4F08-B7CE-68461C0643B6}"
EndProject
Project("{9A19103F-16F7-4668-BE54-9A1E7A4F7556}") = "GregsStack.PushCrew.Net.Api.Tests", "tests\GregsStack.PushCrew.Net.Api.Tests\GregsStack.PushCrew.Net.Api.Tests.csproj", "{8EDEE3E3-7899-49AC-9271-F685890D83F0}"
EndProject
Project("{2150E333-8FDC-42A3-9474-1A3956D46DE8}") = "Solution Items", "Solution Items", "{45050F49-6359-48E6-B1D1-CBF29026D8D8}"
	ProjectSection(SolutionItems) = preProject
		.gitignore = .gitignore
		LICENSE = LICENSE
		README.md = README.md
	EndProjectSection
EndProject
Project("{2150E333-8FDC-42A3-9474-1A3956D46DE8}") = "tools", "tools", "{130AB2DF-DA26-436C-AEE2-B644473D3AD4}"
EndProject
Project("{FAE04EC0-301F-11D3-BF4B-00C04F79EFBC}") = "GregsStack.NuGet.Tools", "tools\GregsStack.NuGet.Tools\GregsStack.NuGet.Tools.csproj", "{1597AD92-5743-46A3-9E09-7F91BA6FDC89}"
EndProject
Global
	GlobalSection(SolutionConfigurationPlatforms) = preSolution
		Debug|Any CPU = Debug|Any CPU
		Debug|x64 = Debug|x64
		Debug|x86 = Debug|x86
		Release|Any CPU = Release|Any CPU
		Release|x64 = Release|x64
		Release|x86 = Release|x86
	EndGlobalSection
	GlobalSection(ProjectConfigurationPlatforms) = postSolution
		{CABE94FF-0D04-4C74-B62B-02785FBADEFD}.Debug|Any CPU.ActiveCfg = Debug|Any CPU
		{CABE94FF-0D04-4C74-B62B-02785FBADEFD}.Debug|Any CPU.Build.0 = Debug|Any CPU
		{CABE94FF-0D04-4C74-B62B-02785FBADEFD}.Debug|x64.ActiveCfg = Debug|Any CPU
		{CABE94FF-0D04-4C74-B62B-02785FBADEFD}.Debug|x64.Build.0 = Debug|Any CPU
		{CABE94FF-0D04-4C74-B62B-02785FBADEFD}.Debug|x86.ActiveCfg = Debug|Any CPU
		{CABE94FF-0D04-4C74-B62B-02785FBADEFD}.Debug|x86.Build.0 = Debug|Any CPU
		{CABE94FF-0D04-4C74-B62B-02785FBADEFD}.Release|Any CPU.ActiveCfg = Release|Any CPU
		{CABE94FF-0D04-4C74-B62B-02785FBADEFD}.Release|Any CPU.Build.0 = Release|Any CPU
		{CABE94FF-0D04-4C74-B62B-02785FBADEFD}.Release|x64.ActiveCfg = Release|Any CPU
		{CABE94FF-0D04-4C74-B62B-02785FBADEFD}.Release|x64.Build.0 = Release|Any CPU
		{CABE94FF-0D04-4C74-B62B-02785FBADEFD}.Release|x86.ActiveCfg = Release|Any CPU
		{CABE94FF-0D04-4C74-B62B-02785FBADEFD}.Release|x86.Build.0 = Release|Any CPU
		{8EDEE3E3-7899-49AC-9271-F685890D83F0}.Debug|Any CPU.ActiveCfg = Debug|Any CPU
		{8EDEE3E3-7899-49AC-9271-F685890D83F0}.Debug|Any CPU.Build.0 = Debug|Any CPU
		{8EDEE3E3-7899-49AC-9271-F685890D83F0}.Debug|x64.ActiveCfg = Debug|Any CPU
		{8EDEE3E3-7899-49AC-9271-F685890D83F0}.Debug|x64.Build.0 = Debug|Any CPU
		{8EDEE3E3-7899-49AC-9271-F685890D83F0}.Debug|x86.ActiveCfg = Debug|Any CPU
		{8EDEE3E3-7899-49AC-9271-F685890D83F0}.Debug|x86.Build.0 = Debug|Any CPU
		{8EDEE3E3-7899-49AC-9271-F685890D83F0}.Release|Any CPU.ActiveCfg = Release|Any CPU
		{8EDEE3E3-7899-49AC-9271-F685890D83F0}.Release|Any CPU.Build.0 = Release|Any CPU
		{8EDEE3E3-7899-49AC-9271-F685890D83F0}.Release|x64.ActiveCfg = Release|Any CPU
		{8EDEE3E3-7899-49AC-9271-F685890D83F0}.Release|x64.Build.0 = Release|Any CPU
		{8EDEE3E3-7899-49AC-9271-F685890D83F0}.Release|x86.ActiveCfg = Release|Any CPU
		{8EDEE3E3-7899-49AC-9271-F685890D83F0}.Release|x86.Build.0 = Release|Any CPU
		{1597AD92-5743-46A3-9E09-7F91BA6FDC89}.Debug|Any CPU.ActiveCfg = Debug|Any CPU
		{1597AD92-5743-46A3-9E09-7F91BA6FDC89}.Debug|Any CPU.Build.0 = Debug|Any CPU
		{1597AD92-5743-46A3-9E09-7F91BA6FDC89}.Debug|x64.ActiveCfg = Debug|Any CPU
		{1597AD92-5743-46A3-9E09-7F91BA6FDC89}.Debug|x64.Build.0 = Debug|Any CPU
		{1597AD92-5743-46A3-9E09-7F91BA6FDC89}.Debug|x86.ActiveCfg = Debug|Any CPU
		{1597AD92-5743-46A3-9E09-7F91BA6FDC89}.Debug|x86.Build.0 = Debug|Any CPU
		{1597AD92-5743-46A3-9E09-7F91BA6FDC89}.Release|Any CPU.ActiveCfg = Release|Any CPU
		{1597AD92-5743-46A3-9E09-7F91BA6FDC89}.Release|Any CPU.Build.0 = Release|Any CPU
		{1597AD92-5743-46A3-9E09-7F91BA6FDC89}.Release|x64.ActiveCfg = Release|Any CPU
		{1597AD92-5743-46A3-9E09-7F91BA6FDC89}.Release|x64.Build.0 = Release|Any CPU
		{1597AD92-5743-46A3-9E09-7F91BA6FDC89}.Release|x86.ActiveCfg = Release|Any CPU
		{1597AD92-5743-46A3-9E09-7F91BA6FDC89}.Release|x86.Build.0 = Release|Any CPU
	EndGlobalSection
	GlobalSection(SolutionProperties) = preSolution
		HideSolutionNode = FALSE
	EndGlobalSection
	GlobalSection(NestedProjects) = preSolution
		{CABE94FF-0D04-4C74-B62B-02785FBADEFD} = {2384891B-7AE9-408A-9DB0-AB41ED0F41C2}
		{8EDEE3E3-7899-49AC-9271-F685890D83F0} = {BB3C3681-2D2A-4F08-B7CE-68461C0643B6}
		{1597AD92-5743-46A3-9E09-7F91BA6FDC89} = {130AB2DF-DA26-436C-AEE2-B644473D3AD4}
	EndGlobalSection
	GlobalSection(ExtensibilityGlobals) = postSolution
		SolutionGuid = {D97C44B0-83E5-46F0-B5C8-392939CB4F6F}
	EndGlobalSection
EndGlobal
